
Microsoft Visual Studio Solution File, Format Version 12.00
# Visual Studio 15
VisualStudioVersion = 15.0.28307.757
MinimumVisualStudioVersion = 10.0.40219.1
Project("{FAE04EC0-301F-11D3-BF4B-00C04F79EFBC}") = "OnlineVotingSystem", "OnlineVotingSystem\OnlineVotingSystem.csproj", "{50A2C155-5AE5-4C3D-BC1A-A5C46F8CBB88}"
EndProject
Global
	GlobalSection(SolutionConfigurationPlatforms) = preSolution
		Debug|Any CPU = Debug|Any CPU
		Release|Any CPU = Release|Any CPU
	EndGlobalSection
	GlobalSection(ProjectConfigurationPlatforms) = postSolution
		{50A2C155-5AE5-4C3D-BC1A-A5C46F8CBB88}.Debug|Any CPU.ActiveCfg = Debug|Any CPU
		{50A2C155-5AE5-4C3D-BC1A-A5C46F8CBB88}.Debug|Any CPU.Build.0 = Debug|Any CPU
		{50A2C155-5AE5-4C3D-BC1A-A5C46F8CBB88}.Release|Any CPU.ActiveCfg = Release|Any CPU
		{50A2C155-5AE5-4C3D-BC1A-A5C46F8CBB88}.Release|Any CPU.Build.0 = Release|Any CPU
	EndGlobalSection
	GlobalSection(SolutionProperties) = preSolution
		HideSolutionNode = FALSE
	EndGlobalSection
	GlobalSection(ExtensibilityGlobals) = postSolution
		SolutionGuid = {C515C605-4C4E-4375-8588-555FBC97DDA1}
	EndGlobalSection
EndGlobal
